
Microsoft Visual Studio Solution File, Format Version 12.00
# Visual Studio 15
VisualStudioVersion = 15.0.28307.168
MinimumVisualStudioVersion = 10.0.40219.1
Project("{FAE04EC0-301F-11D3-BF4B-00C04F79EFBC}") = "testML", "testML.csproj", "{061DD33F-1851-4C7E-AB67-BD9EC7A9C70C}"
EndProject
Global
	GlobalSection(SolutionConfigurationPlatforms) = preSolution
		Debug|Any CPU = Debug|Any CPU
		Release|Any CPU = Release|Any CPU
	EndGlobalSection
	GlobalSection(ProjectConfigurationPlatforms) = postSolution
		{061DD33F-1851-4C7E-AB67-BD9EC7A9C70C}.Debug|Any CPU.ActiveCfg = Debug|Any CPU
		{061DD33F-1851-4C7E-AB67-BD9EC7A9C70C}.Debug|Any CPU.Build.0 = Debug|Any CPU
		{061DD33F-1851-4C7E-AB67-BD9EC7A9C70C}.Release|Any CPU.ActiveCfg = Release|Any CPU
		{061DD33F-1851-4C7E-AB67-BD9EC7A9C70C}.Release|Any CPU.Build.0 = Release|Any CPU
	EndGlobalSection
	GlobalSection(SolutionProperties) = preSolution
		HideSolutionNode = FALSE
	EndGlobalSection
	GlobalSection(ExtensibilityGlobals) = postSolution
		SolutionGuid = {969973BB-5B94-4A9F-A0CA-0C3149E124A6}
	EndGlobalSection
EndGlobal
